// !$*UTF8*$!
{
	archiveVersion = 1;
	classes = {
	};
	objectVersion = 46;
	objects = {

/* Begin PBXBuildFile section */
		0D104D0215F7495700B67EDA /* PHSPhotoScrubber.m in Sources */ = {isa = PBXBuildFile; fileRef = 0D104D0115F7495700B67EDA /* PHSPhotoScrubber.m */; };
		0D26691A15F9D77B00586D4F /* ApplicationServices.framework in Frameworks */ = {isa = PBXBuildFile; fileRef = 0D26691915F9D77B00586D4F /* ApplicationServices.framework */; };
		0D26691D15F9D78200586D4F /* QuartzCore.framework in Frameworks */ = {isa = PBXBuildFile; fileRef = 0D26691C15F9D78200586D4F /* QuartzCore.framework */; };
		0D3F195C15E8885F008FFA0A /* icon.png in Resources */ = {isa = PBXBuildFile; fileRef = 0D3F195B15E8885F008FFA0A /* icon.png */; };
		0D4FC3AD15FC466800D033AE /* TwUI.framework in Frameworks */ = {isa = PBXBuildFile; fileRef = 0D4FC3AC15FC466800D033AE /* TwUI.framework */; };
		0D4FC3AE15FC466F00D033AE /* TwUI.framework in CopyFiles */ = {isa = PBXBuildFile; fileRef = 0D4FC3AC15FC466800D033AE /* TwUI.framework */; };
		0D652D6A15DE128D00BF7718 /* Cocoa.framework in Frameworks */ = {isa = PBXBuildFile; fileRef = 0D652D6915DE128D00BF7718 /* Cocoa.framework */; };
		0D652D7415DE128D00BF7718 /* InfoPlist.strings in Resources */ = {isa = PBXBuildFile; fileRef = 0D652D7215DE128D00BF7718 /* InfoPlist.strings */; };
		0D652D7615DE128D00BF7718 /* main.m in Sources */ = {isa = PBXBuildFile; fileRef = 0D652D7515DE128D00BF7718 /* main.m */; };
		0D652D7A15DE128D00BF7718 /* Credits.rtf in Resources */ = {isa = PBXBuildFile; fileRef = 0D652D7815DE128D00BF7718 /* Credits.rtf */; };
		0D652D7D15DE128D00BF7718 /* PHSAppDelegate.m in Sources */ = {isa = PBXBuildFile; fileRef = 0D652D7C15DE128D00BF7718 /* PHSAppDelegate.m */; };
		0D652D8015DE128D00BF7718 /* MainMenu.xib in Resources */ = {isa = PBXBuildFile; fileRef = 0D652D7E15DE128D00BF7718 /* MainMenu.xib */; };
		0D658ABC161AF29400D08A85 /* search-icon.png in Resources */ = {isa = PBXBuildFile; fileRef = 0D658ABA161AF29400D08A85 /* search-icon.png */; };
		0D658AC1161AF33D00D08A85 /* calendar-icon.png in Resources */ = {isa = PBXBuildFile; fileRef = 0D658AC0161AF33D00D08A85 /* calendar-icon.png */; };
		0D658AC6161AF88400D08A85 /* photo7.jpg in Resources */ = {isa = PBXBuildFile; fileRef = 0D658AC2161AF88300D08A85 /* photo7.jpg */; };
		0D658AC7161AF88400D08A85 /* photo8.jpg in Resources */ = {isa = PBXBuildFile; fileRef = 0D658AC3161AF88300D08A85 /* photo8.jpg */; };
		0D658AC8161AF88400D08A85 /* photo9.jpg in Resources */ = {isa = PBXBuildFile; fileRef = 0D658AC4161AF88300D08A85 /* photo9.jpg */; };
		0D658AC9161AF88400D08A85 /* photo10.jpg in Resources */ = {isa = PBXBuildFile; fileRef = 0D658AC5161AF88300D08A85 /* photo10.jpg */; };
		0D658ACB161AF92100D08A85 /* photo11.jpg in Resources */ = {isa = PBXBuildFile; fileRef = 0D658ACA161AF92100D08A85 /* photo11.jpg */; };
		0D76371415DF88E500412555 /* PHSMenuController.m in Sources */ = {isa = PBXBuildFile; fileRef = 0D76371315DF88E500412555 /* PHSMenuController.m */; };
		0D76371715DF895200412555 /* PHSStatusItemView.m in Sources */ = {isa = PBXBuildFile; fileRef = 0D76371615DF895200412555 /* PHSStatusItemView.m */; };
		0D8D337A15E210CA00B2ED62 /* PHSPanelController.m in Sources */ = {isa = PBXBuildFile; fileRef = 0D8D337915E210CA00B2ED62 /* PHSPanelController.m */; };
		0D96DF141619716E00E3BA48 /* PHSGridView.m in Sources */ = {isa = PBXBuildFile; fileRef = 0D96DF131619716E00E3BA48 /* PHSGridView.m */; };
		0DAF644D161AC9EE00A22AC0 /* PHSNavigationBar.m in Sources */ = {isa = PBXBuildFile; fileRef = 0DAF644C161AC9EE00A22AC0 /* PHSNavigationBar.m */; };
		0DDEF0D315F8932400B2040F /* PHSPopoverWindow.m in Sources */ = {isa = PBXBuildFile; fileRef = 0DDEF0D215F8932400B2040F /* PHSPopoverWindow.m */; };
		0DDEF0D915F8A4B200B2040F /* scrubber-background.png in Resources */ = {isa = PBXBuildFile; fileRef = 0DDEF0D815F8A4B200B2040F /* scrubber-background.png */; };
		0DDEF0DC15F8A7FD00B2040F /* PHSPhotoQuickView.m in Sources */ = {isa = PBXBuildFile; fileRef = 0DDEF0DB15F8A7FD00B2040F /* PHSPhotoQuickView.m */; };
		0DDEF0E015F8AF3D00B2040F /* photo1.jpg in Resources */ = {isa = PBXBuildFile; fileRef = 0DDEF0DD15F8AF3D00B2040F /* photo1.jpg */; };
		0DDEF0E115F8AF3D00B2040F /* photo2.jpg in Resources */ = {isa = PBXBuildFile; fileRef = 0DDEF0DE15F8AF3D00B2040F /* photo2.jpg */; };
		0DDEF0E215F8AF3D00B2040F /* photo3.jpg in Resources */ = {isa = PBXBuildFile; fileRef = 0DDEF0DF15F8AF3D00B2040F /* photo3.jpg */; };
		0DDEF0EC15F8B3F900B2040F /* photo4.jpg in Resources */ = {isa = PBXBuildFile; fileRef = 0DDEF0E915F8B3F900B2040F /* photo4.jpg */; };
		0DDEF0ED15F8B3F900B2040F /* photo5.jpg in Resources */ = {isa = PBXBuildFile; fileRef = 0DDEF0EA15F8B3F900B2040F /* photo5.jpg */; };
		0DDEF0EE15F8B3F900B2040F /* photo6.jpg in Resources */ = {isa = PBXBuildFile; fileRef = 0DDEF0EB15F8B3F900B2040F /* photo6.jpg */; };
/* End PBXBuildFile section */

/* Begin PBXCopyFilesBuildPhase section */
		0D4FC3A915FC464C00D033AE /* CopyFiles */ = {
			isa = PBXCopyFilesBuildPhase;
			buildActionMask = 2147483647;
			dstPath = "";
			dstSubfolderSpec = 10;
			files = (
				0D4FC3AE15FC466F00D033AE /* TwUI.framework in CopyFiles */,
			);
			runOnlyForDeploymentPostprocessing = 0;
		};
/* End PBXCopyFilesBuildPhase section */

/* Begin PBXFileReference section */
		0D104D0015F7495700B67EDA /* PHSPhotoScrubber.h */ = {isa = PBXFileReference; fileEncoding = 4; lastKnownFileType = sourcecode.c.h; path = PHSPhotoScrubber.h; sourceTree = "<group>"; };
		0D104D0115F7495700B67EDA /* PHSPhotoScrubber.m */ = {isa = PBXFileReference; fileEncoding = 4; lastKnownFileType = sourcecode.c.objc; path = PHSPhotoScrubber.m; sourceTree = "<group>"; };
		0D26691915F9D77B00586D4F /* ApplicationServices.framework */ = {isa = PBXFileReference; lastKnownFileType = wrapper.framework; name = ApplicationServices.framework; path = System/Library/Frameworks/ApplicationServices.framework; sourceTree = SDKROOT; };
		0D26691C15F9D78200586D4F /* QuartzCore.framework */ = {isa = PBXFileReference; lastKnownFileType = wrapper.framework; name = QuartzCore.framework; path = System/Library/Frameworks/QuartzCore.framework; sourceTree = SDKROOT; };
		0D3F195B15E8885F008FFA0A /* icon.png */ = {isa = PBXFileReference; lastKnownFileType = image.png; name = icon.png; path = Images/icon.png; sourceTree = "<group>"; };
		0D4FC3AC15FC466800D033AE /* TwUI.framework */ = {isa = PBXFileReference; lastKnownFileType = wrapper.framework; name = TwUI.framework; path = "../Library/Developer/Xcode/DerivedData/PhotoSync-glnckevtiwmpyrcuaocixtfhzlph/Build/Products/Debug/TwUI.framework"; sourceTree = "<group>"; };
		0D652D6515DE128D00BF7718 /* PhotoSync.app */ = {isa = PBXFileReference; explicitFileType = wrapper.application; includeInIndex = 0; path = PhotoSync.app; sourceTree = BUILT_PRODUCTS_DIR; };
		0D652D6915DE128D00BF7718 /* Cocoa.framework */ = {isa = PBXFileReference; lastKnownFileType = wrapper.framework; name = Cocoa.framework; path = System/Library/Frameworks/Cocoa.framework; sourceTree = SDKROOT; };
		0D652D6C15DE128D00BF7718 /* AppKit.framework */ = {isa = PBXFileReference; lastKnownFileType = wrapper.framework; name = AppKit.framework; path = System/Library/Frameworks/AppKit.framework; sourceTree = SDKROOT; };
		0D652D6D15DE128D00BF7718 /* CoreData.framework */ = {isa = PBXFileReference; lastKnownFileType = wrapper.framework; name = CoreData.framework; path = System/Library/Frameworks/CoreData.framework; sourceTree = SDKROOT; };
		0D652D6E15DE128D00BF7718 /* Foundation.framework */ = {isa = PBXFileReference; lastKnownFileType = wrapper.framework; name = Foundation.framework; path = System/Library/Frameworks/Foundation.framework; sourceTree = SDKROOT; };
		0D652D7115DE128D00BF7718 /* PhotoSync-Info.plist */ = {isa = PBXFileReference; lastKnownFileType = text.plist.xml; path = "PhotoSync-Info.plist"; sourceTree = "<group>"; };
		0D652D7315DE128D00BF7718 /* en */ = {isa = PBXFileReference; lastKnownFileType = text.plist.strings; name = en; path = en.lproj/InfoPlist.strings; sourceTree = "<group>"; };
		0D652D7515DE128D00BF7718 /* main.m */ = {isa = PBXFileReference; lastKnownFileType = sourcecode.c.objc; path = main.m; sourceTree = "<group>"; };
		0D652D7715DE128D00BF7718 /* PhotoSync-Prefix.pch */ = {isa = PBXFileReference; lastKnownFileType = sourcecode.c.h; path = "PhotoSync-Prefix.pch"; sourceTree = "<group>"; };
		0D652D7915DE128D00BF7718 /* en */ = {isa = PBXFileReference; lastKnownFileType = text.rtf; name = en; path = en.lproj/Credits.rtf; sourceTree = "<group>"; };
		0D652D7B15DE128D00BF7718 /* PHSAppDelegate.h */ = {isa = PBXFileReference; lastKnownFileType = sourcecode.c.h; path = PHSAppDelegate.h; sourceTree = "<group>"; };
		0D652D7C15DE128D00BF7718 /* PHSAppDelegate.m */ = {isa = PBXFileReference; lastKnownFileType = sourcecode.c.objc; path = PHSAppDelegate.m; sourceTree = "<group>"; };
		0D652D7F15DE128D00BF7718 /* en */ = {isa = PBXFileReference; lastKnownFileType = file.xib; name = en; path = en.lproj/MainMenu.xib; sourceTree = "<group>"; };
		0D658ABA161AF29400D08A85 /* search-icon.png */ = {isa = PBXFileReference; lastKnownFileType = image.png; name = "search-icon.png"; path = "Design/Assets/search-icon.png"; sourceTree = SOURCE_ROOT; };
		0D658AC0161AF33D00D08A85 /* calendar-icon.png */ = {isa = PBXFileReference; lastKnownFileType = image.png; name = "calendar-icon.png"; path = "Design/Assets/calendar-icon.png"; sourceTree = SOURCE_ROOT; };
		0D658AC2161AF88300D08A85 /* photo7.jpg */ = {isa = PBXFileReference; lastKnownFileType = image.jpeg; name = photo7.jpg; path = Images/photo7.jpg; sourceTree = "<group>"; };
		0D658AC3161AF88300D08A85 /* photo8.jpg */ = {isa = PBXFileReference; lastKnownFileType = image.jpeg; name = photo8.jpg; path = Images/photo8.jpg; sourceTree = "<group>"; };
		0D658AC4161AF88300D08A85 /* photo9.jpg */ = {isa = PBXFileReference; lastKnownFileType = image.jpeg; name = photo9.jpg; path = Images/photo9.jpg; sourceTree = "<group>"; };
		0D658AC5161AF88300D08A85 /* photo10.jpg */ = {isa = PBXFileReference; lastKnownFileType = image.jpeg; name = photo10.jpg; path = Images/photo10.jpg; sourceTree = "<group>"; };
		0D658ACA161AF92100D08A85 /* photo11.jpg */ = {isa = PBXFileReference; lastKnownFileType = image.jpeg; name = photo11.jpg; path = Images/photo11.jpg; sourceTree = "<group>"; };
		0D76371215DF88E500412555 /* PHSMenuController.h */ = {isa = PBXFileReference; fileEncoding = 4; lastKnownFileType = sourcecode.c.h; path = PHSMenuController.h; sourceTree = "<group>"; };
		0D76371315DF88E500412555 /* PHSMenuController.m */ = {isa = PBXFileReference; fileEncoding = 4; lastKnownFileType = sourcecode.c.objc; path = PHSMenuController.m; sourceTree = "<group>"; };
		0D76371515DF895200412555 /* PHSStatusItemView.h */ = {isa = PBXFileReference; fileEncoding = 4; lastKnownFileType = sourcecode.c.h; path = PHSStatusItemView.h; sourceTree = "<group>"; };
		0D76371615DF895200412555 /* PHSStatusItemView.m */ = {isa = PBXFileReference; fileEncoding = 4; lastKnownFileType = sourcecode.c.objc; path = PHSStatusItemView.m; sourceTree = "<group>"; };
		0D8D337815E210CA00B2ED62 /* PHSPanelController.h */ = {isa = PBXFileReference; fileEncoding = 4; lastKnownFileType = sourcecode.c.h; path = PHSPanelController.h; sourceTree = "<group>"; };
		0D8D337915E210CA00B2ED62 /* PHSPanelController.m */ = {isa = PBXFileReference; fileEncoding = 4; lastKnownFileType = sourcecode.c.objc; path = PHSPanelController.m; sourceTree = "<group>"; };
		0D96DF121619716E00E3BA48 /* PHSGridView.h */ = {isa = PBXFileReference; fileEncoding = 4; lastKnownFileType = sourcecode.c.h; path = PHSGridView.h; sourceTree = "<group>"; };
		0D96DF131619716E00E3BA48 /* PHSGridView.m */ = {isa = PBXFileReference; fileEncoding = 4; lastKnownFileType = sourcecode.c.objc; path = PHSGridView.m; sourceTree = "<group>"; };
		0DAF644B161AC9EE00A22AC0 /* PHSNavigationBar.h */ = {isa = PBXFileReference; fileEncoding = 4; lastKnownFileType = sourcecode.c.h; path = PHSNavigationBar.h; sourceTree = "<group>"; };
		0DAF644C161AC9EE00A22AC0 /* PHSNavigationBar.m */ = {isa = PBXFileReference; fileEncoding = 4; lastKnownFileType = sourcecode.c.objc; path = PHSNavigationBar.m; sourceTree = "<group>"; };
		0DDEF0D115F8932400B2040F /* PHSPopoverWindow.h */ = {isa = PBXFileReference; fileEncoding = 4; lastKnownFileType = sourcecode.c.h; path = PHSPopoverWindow.h; sourceTree = "<group>"; };
		0DDEF0D215F8932400B2040F /* PHSPopoverWindow.m */ = {isa = PBXFileReference; fileEncoding = 4; lastKnownFileType = sourcecode.c.objc; path = PHSPopoverWindow.m; sourceTree = "<group>"; };
		0DDEF0D815F8A4B200B2040F /* scrubber-background.png */ = {isa = PBXFileReference; lastKnownFileType = image.png; name = "scrubber-background.png"; path = "Images/scrubber-background.png"; sourceTree = "<group>"; };
		0DDEF0DA15F8A7FD00B2040F /* PHSPhotoQuickView.h */ = {isa = PBXFileReference; fileEncoding = 4; lastKnownFileType = sourcecode.c.h; path = PHSPhotoQuickView.h; sourceTree = "<group>"; };
		0DDEF0DB15F8A7FD00B2040F /* PHSPhotoQuickView.m */ = {isa = PBXFileReference; fileEncoding = 4; lastKnownFileType = sourcecode.c.objc; path = PHSPhotoQuickView.m; sourceTree = "<group>"; };
		0DDEF0DD15F8AF3D00B2040F /* photo1.jpg */ = {isa = PBXFileReference; lastKnownFileType = image.jpeg; name = photo1.jpg; path = Images/photo1.jpg; sourceTree = "<group>"; };
		0DDEF0DE15F8AF3D00B2040F /* photo2.jpg */ = {isa = PBXFileReference; lastKnownFileType = image.jpeg; name = photo2.jpg; path = Images/photo2.jpg; sourceTree = "<group>"; };
		0DDEF0DF15F8AF3D00B2040F /* photo3.jpg */ = {isa = PBXFileReference; lastKnownFileType = image.jpeg; name = photo3.jpg; path = Images/photo3.jpg; sourceTree = "<group>"; };
		0DDEF0E915F8B3F900B2040F /* photo4.jpg */ = {isa = PBXFileReference; lastKnownFileType = image.jpeg; name = photo4.jpg; path = Images/photo4.jpg; sourceTree = "<group>"; };
		0DDEF0EA15F8B3F900B2040F /* photo5.jpg */ = {isa = PBXFileReference; lastKnownFileType = image.jpeg; name = photo5.jpg; path = Images/photo5.jpg; sourceTree = "<group>"; };
		0DDEF0EB15F8B3F900B2040F /* photo6.jpg */ = {isa = PBXFileReference; lastKnownFileType = image.jpeg; name = photo6.jpg; path = Images/photo6.jpg; sourceTree = "<group>"; };
/* End PBXFileReference section */

/* Begin PBXFrameworksBuildPhase section */
		0D652D6215DE128D00BF7718 /* Frameworks */ = {
			isa = PBXFrameworksBuildPhase;
			buildActionMask = 2147483647;
			files = (
				0D4FC3AD15FC466800D033AE /* TwUI.framework in Frameworks */,
				0D26691D15F9D78200586D4F /* QuartzCore.framework in Frameworks */,
				0D26691A15F9D77B00586D4F /* ApplicationServices.framework in Frameworks */,
				0D652D6A15DE128D00BF7718 /* Cocoa.framework in Frameworks */,
			);
			runOnlyForDeploymentPostprocessing = 0;
		};
/* End PBXFrameworksBuildPhase section */

/* Begin PBXGroup section */
		0D3F195915E8883D008FFA0A /* Images */ = {
			isa = PBXGroup;
			children = (
				0D658AC0161AF33D00D08A85 /* calendar-icon.png */,
				0D3F195B15E8885F008FFA0A /* icon.png */,
				0DDEF0DD15F8AF3D00B2040F /* photo1.jpg */,
				0DDEF0DE15F8AF3D00B2040F /* photo2.jpg */,
				0DDEF0DF15F8AF3D00B2040F /* photo3.jpg */,
				0DDEF0E915F8B3F900B2040F /* photo4.jpg */,
				0DDEF0EA15F8B3F900B2040F /* photo5.jpg */,
				0DDEF0EB15F8B3F900B2040F /* photo6.jpg */,
				0D658AC2161AF88300D08A85 /* photo7.jpg */,
				0D658AC3161AF88300D08A85 /* photo8.jpg */,
				0D658AC4161AF88300D08A85 /* photo9.jpg */,
				0D658AC5161AF88300D08A85 /* photo10.jpg */,
				0D658ACA161AF92100D08A85 /* photo11.jpg */,
				0DDEF0D815F8A4B200B2040F /* scrubber-background.png */,
				0D658ABA161AF29400D08A85 /* search-icon.png */,
			);
			name = Images;
			sourceTree = "<group>";
		};
		0D652D5A15DE128D00BF7718 = {
			isa = PBXGroup;
			children = (
				0D652D6F15DE128D00BF7718 /* PhotoSync */,
				0D652D6815DE128D00BF7718 /* Frameworks */,
				0D652D6615DE128D00BF7718 /* Products */,
			);
			sourceTree = "<group>";
		};
		0D652D6615DE128D00BF7718 /* Products */ = {
			isa = PBXGroup;
			children = (
				0D652D6515DE128D00BF7718 /* PhotoSync.app */,
			);
			name = Products;
			sourceTree = "<group>";
		};
		0D652D6815DE128D00BF7718 /* Frameworks */ = {
			isa = PBXGroup;
			children = (
				0D4FC3AC15FC466800D033AE /* TwUI.framework */,
				0D26691C15F9D78200586D4F /* QuartzCore.framework */,
				0D26691915F9D77B00586D4F /* ApplicationServices.framework */,
				0D652D6915DE128D00BF7718 /* Cocoa.framework */,
				0D652D6B15DE128D00BF7718 /* Other Frameworks */,
			);
			name = Frameworks;
			sourceTree = "<group>";
		};
		0D652D6B15DE128D00BF7718 /* Other Frameworks */ = {
			isa = PBXGroup;
			children = (
				0D652D6C15DE128D00BF7718 /* AppKit.framework */,
				0D652D6D15DE128D00BF7718 /* CoreData.framework */,
				0D652D6E15DE128D00BF7718 /* Foundation.framework */,
			);
			name = "Other Frameworks";
			sourceTree = "<group>";
		};
		0D652D6F15DE128D00BF7718 /* PhotoSync */ = {
			isa = PBXGroup;
			children = (
				0D76370E15DF876300412555 /* Controllers */,
				0D76370C15DF875D00412555 /* Views */,
				0D652D7B15DE128D00BF7718 /* PHSAppDelegate.h */,
				0D652D7C15DE128D00BF7718 /* PHSAppDelegate.m */,
				0D652D7E15DE128D00BF7718 /* MainMenu.xib */,
				0D652D7015DE128D00BF7718 /* Supporting Files */,
			);
			path = PhotoSync;
			sourceTree = "<group>";
		};
		0D652D7015DE128D00BF7718 /* Supporting Files */ = {
			isa = PBXGroup;
			children = (
				0D3F195915E8883D008FFA0A /* Images */,
				0D652D7115DE128D00BF7718 /* PhotoSync-Info.plist */,
				0D652D7215DE128D00BF7718 /* InfoPlist.strings */,
				0D652D7515DE128D00BF7718 /* main.m */,
				0D652D7715DE128D00BF7718 /* PhotoSync-Prefix.pch */,
				0D652D7815DE128D00BF7718 /* Credits.rtf */,
			);
			name = "Supporting Files";
			sourceTree = "<group>";
		};
		0D76370C15DF875D00412555 /* Views */ = {
			isa = PBXGroup;
			children = (
				0D76371515DF895200412555 /* PHSStatusItemView.h */,
				0D76371615DF895200412555 /* PHSStatusItemView.m */,
				0D104D0015F7495700B67EDA /* PHSPhotoScrubber.h */,
				0D104D0115F7495700B67EDA /* PHSPhotoScrubber.m */,
				0DDEF0D115F8932400B2040F /* PHSPopoverWindow.h */,
				0DDEF0D215F8932400B2040F /* PHSPopoverWindow.m */,
				0DDEF0DA15F8A7FD00B2040F /* PHSPhotoQuickView.h */,
				0DDEF0DB15F8A7FD00B2040F /* PHSPhotoQuickView.m */,
				0D96DF121619716E00E3BA48 /* PHSGridView.h */,
				0D96DF131619716E00E3BA48 /* PHSGridView.m */,
				0DAF644B161AC9EE00A22AC0 /* PHSNavigationBar.h */,
				0DAF644C161AC9EE00A22AC0 /* PHSNavigationBar.m */,
			);
			name = Views;
			sourceTree = "<group>";
		};
		0D76370E15DF876300412555 /* Controllers */ = {
			isa = PBXGroup;
			children = (
				0D76371215DF88E500412555 /* PHSMenuController.h */,
				0D76371315DF88E500412555 /* PHSMenuController.m */,
				0D8D337815E210CA00B2ED62 /* PHSPanelController.h */,
				0D8D337915E210CA00B2ED62 /* PHSPanelController.m */,
			);
			name = Controllers;
			sourceTree = "<group>";
		};
/* End PBXGroup section */

/* Begin PBXNativeTarget section */
		0D652D6415DE128D00BF7718 /* PhotoSync */ = {
			isa = PBXNativeTarget;
			buildConfigurationList = 0D652D8315DE128D00BF7718 /* Build configuration list for PBXNativeTarget "PhotoSync" */;
			buildPhases = (
				0D652D6115DE128D00BF7718 /* Sources */,
				0D652D6215DE128D00BF7718 /* Frameworks */,
				0D652D6315DE128D00BF7718 /* Resources */,
				0D4FC3A915FC464C00D033AE /* CopyFiles */,
			);
			buildRules = (
			);
			dependencies = (
			);
			name = PhotoSync;
			productName = PhotoSync;
			productReference = 0D652D6515DE128D00BF7718 /* PhotoSync.app */;
			productType = "com.apple.product-type.application";
		};
/* End PBXNativeTarget section */

/* Begin PBXProject section */
		0D652D5C15DE128D00BF7718 /* Project object */ = {
			isa = PBXProject;
			attributes = {
				CLASSPREFIX = PHS;
				LastUpgradeCheck = 0440;
				ORGANIZATIONNAME = skeuo;
			};
			buildConfigurationList = 0D652D5F15DE128D00BF7718 /* Build configuration list for PBXProject "PhotoSync" */;
			compatibilityVersion = "Xcode 3.2";
			developmentRegion = English;
			hasScannedForEncodings = 0;
			knownRegions = (
				en,
			);
			mainGroup = 0D652D5A15DE128D00BF7718;
			productRefGroup = 0D652D6615DE128D00BF7718 /* Products */;
			projectDirPath = "";
			projectRoot = "";
			targets = (
				0D652D6415DE128D00BF7718 /* PhotoSync */,
			);
		};
/* End PBXProject section */

/* Begin PBXResourcesBuildPhase section */
		0D652D6315DE128D00BF7718 /* Resources */ = {
			isa = PBXResourcesBuildPhase;
			buildActionMask = 2147483647;
			files = (
				0D652D7415DE128D00BF7718 /* InfoPlist.strings in Resources */,
				0D652D7A15DE128D00BF7718 /* Credits.rtf in Resources */,
				0D652D8015DE128D00BF7718 /* MainMenu.xib in Resources */,
				0D3F195C15E8885F008FFA0A /* icon.png in Resources */,
				0DDEF0D915F8A4B200B2040F /* scrubber-background.png in Resources */,
				0DDEF0E015F8AF3D00B2040F /* photo1.jpg in Resources */,
				0DDEF0E115F8AF3D00B2040F /* photo2.jpg in Resources */,
				0DDEF0E215F8AF3D00B2040F /* photo3.jpg in Resources */,
				0DDEF0EC15F8B3F900B2040F /* photo4.jpg in Resources */,
				0DDEF0ED15F8B3F900B2040F /* photo5.jpg in Resources */,
				0DDEF0EE15F8B3F900B2040F /* photo6.jpg in Resources */,
				0D658ABC161AF29400D08A85 /* search-icon.png in Resources */,
				0D658AC1161AF33D00D08A85 /* calendar-icon.png in Resources */,
				0D658AC6161AF88400D08A85 /* photo7.jpg in Resources */,
				0D658AC7161AF88400D08A85 /* photo8.jpg in Resources */,
				0D658AC8161AF88400D08A85 /* photo9.jpg in Resources */,
				0D658AC9161AF88400D08A85 /* photo10.jpg in Resources */,
				0D658ACB161AF92100D08A85 /* photo11.jpg in Resources */,
			);
			runOnlyForDeploymentPostprocessing = 0;
		};
/* End PBXResourcesBuildPhase section */

/* Begin PBXSourcesBuildPhase section */
		0D652D6115DE128D00BF7718 /* Sources */ = {
			isa = PBXSourcesBuildPhase;
			buildActionMask = 2147483647;
			files = (
				0D652D7615DE128D00BF7718 /* main.m in Sources */,
				0D652D7D15DE128D00BF7718 /* PHSAppDelegate.m in Sources */,
				0D76371415DF88E500412555 /* PHSMenuController.m in Sources */,
				0D76371715DF895200412555 /* PHSStatusItemView.m in Sources */,
				0D8D337A15E210CA00B2ED62 /* PHSPanelController.m in Sources */,
				0D104D0215F7495700B67EDA /* PHSPhotoScrubber.m in Sources */,
				0DDEF0D315F8932400B2040F /* PHSPopoverWindow.m in Sources */,
				0DDEF0DC15F8A7FD00B2040F /* PHSPhotoQuickView.m in Sources */,
				0D96DF141619716E00E3BA48 /* PHSGridView.m in Sources */,
				0DAF644D161AC9EE00A22AC0 /* PHSNavigationBar.m in Sources */,
			);
			runOnlyForDeploymentPostprocessing = 0;
		};
/* End PBXSourcesBuildPhase section */

/* Begin PBXVariantGroup section */
		0D652D7215DE128D00BF7718 /* InfoPlist.strings */ = {
			isa = PBXVariantGroup;
			children = (
				0D652D7315DE128D00BF7718 /* en */,
			);
			name = InfoPlist.strings;
			sourceTree = "<group>";
		};
		0D652D7815DE128D00BF7718 /* Credits.rtf */ = {
			isa = PBXVariantGroup;
			children = (
				0D652D7915DE128D00BF7718 /* en */,
			);
			name = Credits.rtf;
			sourceTree = "<group>";
		};
		0D652D7E15DE128D00BF7718 /* MainMenu.xib */ = {
			isa = PBXVariantGroup;
			children = (
				0D652D7F15DE128D00BF7718 /* en */,
			);
			name = MainMenu.xib;
			sourceTree = "<group>";
		};
/* End PBXVariantGroup section */

/* Begin XCBuildConfiguration section */
		0D652D8115DE128D00BF7718 /* Debug */ = {
			isa = XCBuildConfiguration;
			buildSettings = {
				ALWAYS_SEARCH_USER_PATHS = NO;
				ARCHS = "$(ARCHS_STANDARD_64_BIT)";
				CLANG_CXX_LANGUAGE_STANDARD = "gnu++0x";
				CLANG_ENABLE_OBJC_ARC = YES;
				CLANG_WARN__DUPLICATE_METHOD_MATCH = YES;
				COPY_PHASE_STRIP = NO;
				GCC_C_LANGUAGE_STANDARD = gnu99;
				GCC_DYNAMIC_NO_PIC = NO;
				GCC_ENABLE_OBJC_EXCEPTIONS = YES;
				GCC_OPTIMIZATION_LEVEL = 0;
				GCC_PREPROCESSOR_DEFINITIONS = (
					"DEBUG=1",
					"$(inherited)",
				);
				GCC_SYMBOLS_PRIVATE_EXTERN = NO;
				GCC_WARN_64_TO_32_BIT_CONVERSION = YES;
				GCC_WARN_ABOUT_RETURN_TYPE = YES;
				GCC_WARN_UNINITIALIZED_AUTOS = YES;
				GCC_WARN_UNUSED_VARIABLE = YES;
				MACOSX_DEPLOYMENT_TARGET = 10.8;
				ONLY_ACTIVE_ARCH = YES;
				SDKROOT = macosx;
			};
			name = Debug;
		};
		0D652D8215DE128D00BF7718 /* Release */ = {
			isa = XCBuildConfiguration;
			buildSettings = {
				ALWAYS_SEARCH_USER_PATHS = NO;
				ARCHS = "$(ARCHS_STANDARD_64_BIT)";
				CLANG_CXX_LANGUAGE_STANDARD = "gnu++0x";
				CLANG_ENABLE_OBJC_ARC = YES;
				CLANG_WARN__DUPLICATE_METHOD_MATCH = YES;
				COPY_PHASE_STRIP = YES;
				DEBUG_INFORMATION_FORMAT = "dwarf-with-dsym";
				GCC_C_LANGUAGE_STANDARD = gnu99;
				GCC_ENABLE_OBJC_EXCEPTIONS = YES;
				GCC_WARN_64_TO_32_BIT_CONVERSION = YES;
				GCC_WARN_ABOUT_RETURN_TYPE = YES;
				GCC_WARN_UNINITIALIZED_AUTOS = YES;
				GCC_WARN_UNUSED_VARIABLE = YES;
				MACOSX_DEPLOYMENT_TARGET = 10.8;
				SDKROOT = macosx;
			};
			name = Release;
		};
		0D652D8415DE128D00BF7718 /* Debug */ = {
			isa = XCBuildConfiguration;
			buildSettings = {
				COMBINE_HIDPI_IMAGES = YES;
				FRAMEWORK_SEARCH_PATHS = (
					"$(inherited)",
					"\"$(SRCROOT)/../Library/Developer/Xcode/DerivedData/PhotoSync-glnckevtiwmpyrcuaocixtfhzlph/Build/Products/Debug\"",
				);
				GCC_PRECOMPILE_PREFIX_HEADER = YES;
				GCC_PREFIX_HEADER = "PhotoSync/PhotoSync-Prefix.pch";
				INFOPLIST_FILE = "PhotoSync/PhotoSync-Info.plist";
				PRODUCT_NAME = "$(TARGET_NAME)";
				WRAPPER_EXTENSION = app;
			};
			name = Debug;
		};
		0D652D8515DE128D00BF7718 /* Release */ = {
			isa = XCBuildConfiguration;
			buildSettings = {
				COMBINE_HIDPI_IMAGES = YES;
				FRAMEWORK_SEARCH_PATHS = (
					"$(inherited)",
					"\"$(SRCROOT)/../Library/Developer/Xcode/DerivedData/PhotoSync-glnckevtiwmpyrcuaocixtfhzlph/Build/Products/Debug\"",
				);
				GCC_PRECOMPILE_PREFIX_HEADER = YES;
				GCC_PREFIX_HEADER = "PhotoSync/PhotoSync-Prefix.pch";
				INFOPLIST_FILE = "PhotoSync/PhotoSync-Info.plist";
				PRODUCT_NAME = "$(TARGET_NAME)";
				WRAPPER_EXTENSION = app;
			};
			name = Release;
		};
/* End XCBuildConfiguration section */

/* Begin XCConfigurationList section */
		0D652D5F15DE128D00BF7718 /* Build configuration list for PBXProject "PhotoSync" */ = {
			isa = XCConfigurationList;
			buildConfigurations = (
				0D652D8115DE128D00BF7718 /* Debug */,
				0D652D8215DE128D00BF7718 /* Release */,
			);
			defaultConfigurationIsVisible = 0;
			defaultConfigurationName = Release;
		};
		0D652D8315DE128D00BF7718 /* Build configuration list for PBXNativeTarget "PhotoSync" */ = {
			isa = XCConfigurationList;
			buildConfigurations = (
				0D652D8415DE128D00BF7718 /* Debug */,
				0D652D8515DE128D00BF7718 /* Release */,
			);
			defaultConfigurationIsVisible = 0;
			defaultConfigurationName = Release;
		};
/* End XCConfigurationList section */
	};
	rootObject = 0D652D5C15DE128D00BF7718 /* Project object */;
}
